{
  "name": "block-market",
  "lockfileVersion": 3,
  "requires": true,
  "packages": {
    "": {
      "dependencies": {
        "@types/braintree-web": "^3.96.1",
        "braintree-web": "^3.96.1"
      }
    },
    "node_modules/@braintree/asset-loader": {
      "version": "0.4.4",
      "resolved": "https://registry.npmjs.org/@braintree/asset-loader/-/asset-loader-0.4.4.tgz",
      "integrity": "sha512-uVhXC5dydmngmNVuDiKgfXSlz4kv4x5ytIJodI8N5SY16mRh13m/UmbQ7yH+o8DQqp50qPZ45MUHIZkXKPg85w==",
      "dependencies": {
        "promise-polyfill": "^8.1.3"
      }
    },
    "node_modules/@braintree/browser-detection": {
      "version": "1.14.0",
      "resolved": "https://registry.npmjs.org/@braintree/browser-detection/-/browser-detection-1.14.0.tgz",
      "integrity": "sha512-OsqU+28RhNvSw8Y5JEiUHUrAyn4OpYazFkjSJe8ZVZfkAaRXQc6hsV38MMEpIlkPMig+A68buk/diY+0O8/dMQ=="
    },
    "node_modules/@braintree/event-emitter": {
      "version": "0.4.1",
      "resolved": "https://registry.npmjs.org/@braintree/event-emitter/-/event-emitter-0.4.1.tgz",
      "integrity": "sha512-X41357O3OXUDlnwMvS1m0GQEn3zB3s3flOBeg2J5OBvLvdJEIAVpPkblABPtsPrlciDSvfv1aSG5ixHPgFH0Zg=="
    },
    "node_modules/@braintree/extended-promise": {
      "version": "0.4.1",
      "resolved": "https://registry.npmjs.org/@braintree/extended-promise/-/extended-promise-0.4.1.tgz",
      "integrity": "sha512-00n7m4z+swWHoFQLHLvrIBIEoxnGUBsl3ogvX79ITpcn8CHczDwtxYy5+RhMoAraRdfN3oB+8QIpN3KOxs2Q7w=="
    },
    "node_modules/@braintree/iframer": {
      "version": "1.1.0",
      "resolved": "https://registry.npmjs.org/@braintree/iframer/-/iframer-1.1.0.tgz",
      "integrity": "sha512-tVpr7U6u6bqeQlHreEjYMNtnHX62vLnNWziY2kQLqkWhvusPuY5DfuGEIPpWqsd+V/a1slyTQaxK6HWTlH6A/Q=="
    },
    "node_modules/@braintree/sanitize-url": {
      "version": "6.0.2",
      "resolved": "https://registry.npmjs.org/@braintree/sanitize-url/-/sanitize-url-6.0.2.tgz",
      "integrity": "sha512-Tbsj02wXCbqGmzdnXNk0SOF19ChhRU70BsroIi4Pm6Ehp56in6vch94mfbdQ17DozxkL3BAVjbZ4Qc1a0HFRAg=="
    },
    "node_modules/@braintree/uuid": {
      "version": "0.1.0",
      "resolved": "https://registry.npmjs.org/@braintree/uuid/-/uuid-0.1.0.tgz",
      "integrity": "sha512-YvZJdlNcK5EnR+7M8AjgEAf4Qx696+FOSYlPfy5ePn80vODtVAUU0FxHnzKZC0og1VbDNQDDiwhthR65D4Na0g=="
    },
    "node_modules/@braintree/wrap-promise": {
      "version": "2.1.0",
      "resolved": "https://registry.npmjs.org/@braintree/wrap-promise/-/wrap-promise-2.1.0.tgz",
      "integrity": "sha512-UIrJB+AfKU0CCfbMoWrsGpd2D/hBpY/SGgFI6WRHPOwhaZ3g9rz1weiJ6eb6L9KgVyunT7s2tckcPkbHw+NzeA=="
    },
    "node_modules/@types/braintree-web": {
      "version": "3.96.1",
      "resolved": "https://registry.npmjs.org/@types/braintree-web/-/braintree-web-3.96.1.tgz",
      "integrity": "sha512-i+JLLtsHng49H61Zx/LR6dAqk3DVh8xkCJkgfRQs1/WmS023+0LJMvwFcKiS4snSKhLfEcTgPjUQ1Dnlh/Y2rA==",
      "dependencies": {
        "@types/googlepay": "*",
        "@types/paypal-checkout-components": "*"
      }
    },
    "node_modules/@types/googlepay": {
      "version": "0.7.5",
      "resolved": "https://registry.npmjs.org/@types/googlepay/-/googlepay-0.7.5.tgz",
      "integrity": "sha512-158egcRaqkMSpW6unyGV4uG4FpoCklRf3J5emCzOXSRVAohMfIuZ481JNvp4X6+KxoNjxWiGtMx5vb1YfQADPw=="
    },
    "node_modules/@types/paypal-checkout-components": {
      "version": "4.0.8",
      "resolved": "https://registry.npmjs.org/@types/paypal-checkout-components/-/paypal-checkout-components-4.0.8.tgz",
      "integrity": "sha512-Z3IWbFPGdgL3O+Bg+TyVmMT8S3uGBsBjw3a8uRNR4OlYWa9m895djENErJMYU8itoki9rtcQMzoHOSFn8NFb1A=="
    },
    "node_modules/braintree-web": {
      "version": "3.96.1",
      "resolved": "https://registry.npmjs.org/braintree-web/-/braintree-web-3.96.1.tgz",
      "integrity": "sha512-e483TQkRmcO5zFH+pMGUokFWq5Q+Jyn9TmUIDofPpul1P+xOciwNqvekl/Ku6MsJBT1+kyH0cndBYMZVJpbrtg==",
      "dependencies": {
        "@braintree/asset-loader": "0.4.4",
        "@braintree/browser-detection": "1.14.0",
        "@braintree/event-emitter": "0.4.1",
        "@braintree/extended-promise": "0.4.1",
        "@braintree/iframer": "1.1.0",
        "@braintree/sanitize-url": "6.0.2",
        "@braintree/uuid": "0.1.0",
        "@braintree/wrap-promise": "2.1.0",
        "card-validator": "8.1.1",
        "credit-card-type": "9.1.0",
        "framebus": "5.2.1",
        "inject-stylesheet": "5.0.0",
        "promise-polyfill": "8.2.3",
        "restricted-input": "3.0.5"
      }
    },
    "node_modules/card-validator": {
      "version": "8.1.1",
      "resolved": "https://registry.npmjs.org/card-validator/-/card-validator-8.1.1.tgz",
      "integrity": "sha512-cN4FsKwoTfTFnqPwVc7TQLSsH/QMDB3n/gWm0XelcApz4sKipnOQ6k33sa3bWsNnnIpgs7eXOF+mUV2UQAX2Sw==",
      "dependencies": {
        "credit-card-type": "^9.1.0"
      }
    },
    "node_modules/credit-card-type": {
      "version": "9.1.0",
      "resolved": "https://registry.npmjs.org/credit-card-type/-/credit-card-type-9.1.0.tgz",
      "integrity": "sha512-CpNFuLxiPFxuZqhSKml3M+t0K/484pMAnfYWH14JoD7OZMnmC0Lmo+P7JX9SobqFpRoo7ifA18kOHdxJywYPEA=="
    },
    "node_modules/framebus": {
      "version": "5.2.1",
      "resolved": "https://registry.npmjs.org/framebus/-/framebus-5.2.1.tgz",
      "integrity": "sha512-K6pw+M2wNBuOhEoFrmMbf1O+fm7PnNDIfA9y0KpAyQzXRIJ420szGgJ/dI2Ikz0XG+5VfspLqA72M6bXhuyKIQ==",
      "dependencies": {
        "@braintree/uuid": "^0.1.0"
      }
    },
    "node_modules/inject-stylesheet": {
      "version": "5.0.0",
      "resolved": "https://registry.npmjs.org/inject-stylesheet/-/inject-stylesheet-5.0.0.tgz",
      "integrity": "sha512-GzncrJP8E/pavMQzoO93CXoYCfTttwVm2cX2TyXJdgtVE0cCvWSFCn1/uMsM6ZkEg7LUsOcKuamcLiGWlv2p9A=="
    },
    "node_modules/promise-polyfill": {
      "version": "8.2.3",
      "resolved": "https://registry.npmjs.org/promise-polyfill/-/promise-polyfill-8.2.3.tgz",
      "integrity": "sha512-Og0+jCRQetV84U8wVjMNccfGCnMQ9mGs9Hv78QFe+pSDD3gWTpz0y+1QCuxy5d/vBFuZ3iwP2eycAkvqIMPmWg=="
    },
    "node_modules/restricted-input": {
      "version": "3.0.5",
      "resolved": "https://registry.npmjs.org/restricted-input/-/restricted-input-3.0.5.tgz",
      "integrity": "sha512-lUuXZ3wUnHURRarj5/0C8vomWIfWJO+p7T6RYwB46v7Oyuyr3yyupU+i7SjqUv4S6RAeAAZt1C/QCLJ9xhQBow==",
      "dependencies": {
        "@braintree/browser-detection": "^1.12.1"
      }
    }
  }
}
